
Microsoft Visual Studio Solution File, Format Version 12.00
# Visual Studio Version 16
VisualStudioVersion = 16.0.31424.327
MinimumVisualStudioVersion = 10.0.40219.1
Project("{FAE04EC0-301F-11D3-BF4B-00C04F79EFBC}") = "testGitIgnore", "testGitIgnore\testGitIgnore.csproj", "{652E3A72-735D-43E9-BFC1-88918EA6BCEF}"
EndProject
Global
	GlobalSection(SolutionConfigurationPlatforms) = preSolution
		Debug|Any CPU = Debug|Any CPU
		Release|Any CPU = Release|Any CPU
	EndGlobalSection
	GlobalSection(ProjectConfigurationPlatforms) = postSolution
		{652E3A72-735D-43E9-BFC1-88918EA6BCEF}.Debug|Any CPU.ActiveCfg = Debug|Any CPU
		{652E3A72-735D-43E9-BFC1-88918EA6BCEF}.Debug|Any CPU.Build.0 = Debug|Any CPU
		{652E3A72-735D-43E9-BFC1-88918EA6BCEF}.Release|Any CPU.ActiveCfg = Release|Any CPU
		{652E3A72-735D-43E9-BFC1-88918EA6BCEF}.Release|Any CPU.Build.0 = Release|Any CPU
	EndGlobalSection
	GlobalSection(SolutionProperties) = preSolution
		HideSolutionNode = FALSE
	EndGlobalSection
	GlobalSection(ExtensibilityGlobals) = postSolution
		SolutionGuid = {E2D39DCC-5A97-4155-B256-D877C5415E52}
	EndGlobalSection
EndGlobal
